schema: '2.0'
stages:
  DataIngestion:
    cmd: python src/Pipeline/s1_dataIngestion.py
    deps:
    - path: src/Pipeline/s1_dataIngestion.py
      md5: 72cba7b0435b0ff8163d2f63624beb52
      size: 1578
    outs:
    - path: Data/01_RawData/Airline.csv
      md5: 891afd8932c19ef4d8723b53ff7784dc
      size: 1089598
  DataCleaning:
    cmd: python src\Pipeline\s2_Data_Cleaning.py
    deps:
    - path: Data\01_RawData\Airline.csv
      md5: 891afd8932c19ef4d8723b53ff7784dc
      size: 1089598
    - path: src\Pipeline\s2_Data_Cleaning.py
      md5: 3aeb34fe8e9abb669f34c7fc2e44cbc1
      size: 7194
    outs:
    - path: Data\02_CleanedData\CleanedData.csv
      md5: 9a4db24a3bb00ea65fbf9f702a55b6c5
      size: 688161
  RemoveOutliers:
    cmd: python src\Pipeline\s3_RemoveOutliers.py
    deps:
    - path: Data\02_CleanedData\CleanedData.csv
      md5: 9a4db24a3bb00ea65fbf9f702a55b6c5
      size: 688161
    - path: constants.yaml
      md5: e9b0a094d3cce25d863920a2b3bf0856
      size: 469
    - path: src\Pipeline\s3_RemoveOutliers.py
      md5: bafb9bdbd71012ee06bb7a4a446fb4fe
      size: 1717
    outs:
    - path: Data\03_noOutlierData\noOutlierDataFile.csv
      md5: 32dcc984a31b3384cbb56ada22471e0a
      size: 647939
